// !$*UTF8*$!
{
	archiveVersion = 1;
	classes = {
	};
	objectVersion = 56;
	objects = {

/* Begin PBXBuildFile section */
		107B26CE2D4477AE00AAC4AB /* fitness_networkApp.swift in Sources */ = {isa = PBXBuildFile; fileRef = 107B26CD2D4477AE00AAC4AB /* fitness_networkApp.swift */; };
		107B26D02D4477AE00AAC4AB /* ContentView.swift in Sources */ = {isa = PBXBuildFile; fileRef = 107B26CF2D4477AE00AAC4AB /* ContentView.swift */; };
		107B26D22D4477AF00AAC4AB /* Assets.xcassets in Resources */ = {isa = PBXBuildFile; fileRef = 107B26D12D4477AF00AAC4AB /* Assets.xcassets */; };
		107B26D62D4477AF00AAC4AB /* Preview Assets.xcassets in Resources */ = {isa = PBXBuildFile; fileRef = 107B26D52D4477AF00AAC4AB /* Preview Assets.xcassets */; };
		107B26E02D4477AF00AAC4AB /* fitness_networkTests.swift in Sources */ = {isa = PBXBuildFile; fileRef = 107B26DF2D4477AF00AAC4AB /* fitness_networkTests.swift */; };
		107B26EA2D4477AF00AAC4AB /* fitness_networkUITests.swift in Sources */ = {isa = PBXBuildFile; fileRef = 107B26E92D4477AF00AAC4AB /* fitness_networkUITests.swift */; };
		107B26EC2D4477AF00AAC4AB /* fitness_networkUITestsLaunchTests.swift in Sources */ = {isa = PBXBuildFile; fileRef = 107B26EB2D4477AF00AAC4AB /* fitness_networkUITestsLaunchTests.swift */; };
/* End PBXBuildFile section */

/* Begin PBXContainerItemProxy section */
		107B26DC2D4477AF00AAC4AB /* PBXContainerItemProxy */ = {
			isa = PBXContainerItemProxy;
			containerPortal = 107B26C22D4477AE00AAC4AB /* Project object */;
			proxyType = 1;
			remoteGlobalIDString = 107B26C92D4477AE00AAC4AB;
			remoteInfo = fitness_network;
		};
		107B26E62D4477AF00AAC4AB /* PBXContainerItemProxy */ = {
			isa = PBXContainerItemProxy;
			containerPortal = 107B26C22D4477AE00AAC4AB /* Project object */;
			proxyType = 1;
			remoteGlobalIDString = 107B26C92D4477AE00AAC4AB;
			remoteInfo = fitness_network;
		};
/* End PBXContainerItemProxy section */

/* Begin PBXFileReference section */
		107B26CA2D4477AE00AAC4AB /* fitness_network.app */ = {isa = PBXFileReference; explicitFileType = wrapper.application; includeInIndex = 0; path = fitness_network.app; sourceTree = BUILT_PRODUCTS_DIR; };
		107B26CD2D4477AE00AAC4AB /* fitness_networkApp.swift */ = {isa = PBXFileReference; lastKnownFileType = sourcecode.swift; path = fitness_networkApp.swift; sourceTree = "<group>"; };
		107B26CF2D4477AE00AAC4AB /* ContentView.swift */ = {isa = PBXFileReference; lastKnownFileType = sourcecode.swift; path = ContentView.swift; sourceTree = "<group>"; };
		107B26D12D4477AF00AAC4AB /* Assets.xcassets */ = {isa = PBXFileReference; lastKnownFileType = folder.assetcatalog; path = Assets.xcassets; sourceTree = "<group>"; };
		107B26D32D4477AF00AAC4AB /* fitness_network.entitlements */ = {isa = PBXFileReference; lastKnownFileType = text.plist.entitlements; path = fitness_network.entitlements; sourceTree = "<group>"; };
		107B26D52D4477AF00AAC4AB /* Preview Assets.xcassets */ = {isa = PBXFileReference; lastKnownFileType = folder.assetcatalog; path = "Preview Assets.xcassets"; sourceTree = "<group>"; };
		107B26DB2D4477AF00AAC4AB /* fitness_networkTests.xctest */ = {isa = PBXFileReference; explicitFileType = wrapper.cfbundle; includeInIndex = 0; path = fitness_networkTests.xctest; sourceTree = BUILT_PRODUCTS_DIR; };
		107B26DF2D4477AF00AAC4AB /* fitness_networkTests.swift */ = {isa = PBXFileReference; lastKnownFileType = sourcecode.swift; path = fitness_networkTests.swift; sourceTree = "<group>"; };
		107B26E52D4477AF00AAC4AB /* fitness_networkUITests.xctest */ = {isa = PBXFileReference; explicitFileType = wrapper.cfbundle; includeInIndex = 0; path = fitness_networkUITests.xctest; sourceTree = BUILT_PRODUCTS_DIR; };
		107B26E92D4477AF00AAC4AB /* fitness_networkUITests.swift */ = {isa = PBXFileReference; lastKnownFileType = sourcecode.swift; path = fitness_networkUITests.swift; sourceTree = "<group>"; };
		107B26EB2D4477AF00AAC4AB /* fitness_networkUITestsLaunchTests.swift */ = {isa = PBXFileReference; lastKnownFileType = sourcecode.swift; path = fitness_networkUITestsLaunchTests.swift; sourceTree = "<group>"; };
/* End PBXFileReference section */

/* Begin PBXFrameworksBuildPhase section */
		107B26C72D4477AE00AAC4AB /* Frameworks */ = {
			isa = PBXFrameworksBuildPhase;
			buildActionMask = 2147483647;
			files = (
			);
			runOnlyForDeploymentPostprocessing = 0;
		};
		107B26D82D4477AF00AAC4AB /* Frameworks */ = {
			isa = PBXFrameworksBuildPhase;
			buildActionMask = 2147483647;
			files = (
			);
			runOnlyForDeploymentPostprocessing = 0;
		};
		107B26E22D4477AF00AAC4AB /* Frameworks */ = {
			isa = PBXFrameworksBuildPhase;
			buildActionMask = 2147483647;
			files = (
			);
			runOnlyForDeploymentPostprocessing = 0;
		};
/* End PBXFrameworksBuildPhase section */

/* Begin PBXGroup section */
		107B26C12D4477AE00AAC4AB = {
			isa = PBXGroup;
			children = (
				107B26CC2D4477AE00AAC4AB /* fitness_network */,
				107B26DE2D4477AF00AAC4AB /* fitness_networkTests */,
				107B26E82D4477AF00AAC4AB /* fitness_networkUITests */,
				107B26CB2D4477AE00AAC4AB /* Products */,
			);
			sourceTree = "<group>";
		};
		107B26CB2D4477AE00AAC4AB /* Products */ = {
			isa = PBXGroup;
			children = (
				107B26CA2D4477AE00AAC4AB /* fitness_network.app */,
				107B26DB2D4477AF00AAC4AB /* fitness_networkTests.xctest */,
				107B26E52D4477AF00AAC4AB /* fitness_networkUITests.xctest */,
			);
			name = Products;
			sourceTree = "<group>";
		};
		107B26CC2D4477AE00AAC4AB /* fitness_network */ = {
			isa = PBXGroup;
			children = (
				107B26CD2D4477AE00AAC4AB /* fitness_networkApp.swift */,
				107B26CF2D4477AE00AAC4AB /* ContentView.swift */,
				107B26D12D4477AF00AAC4AB /* Assets.xcassets */,
				107B26D32D4477AF00AAC4AB /* fitness_network.entitlements */,
				107B26D42D4477AF00AAC4AB /* Preview Content */,
			);
			path = fitness_network;
			sourceTree = "<group>";
		};
		107B26D42D4477AF00AAC4AB /* Preview Content */ = {
			isa = PBXGroup;
			children = (
				107B26D52D4477AF00AAC4AB /* Preview Assets.xcassets */,
			);
			path = "Preview Content";
			sourceTree = "<group>";
		};
		107B26DE2D4477AF00AAC4AB /* fitness_networkTests */ = {
			isa = PBXGroup;
			children = (
				107B26DF2D4477AF00AAC4AB /* fitness_networkTests.swift */,
			);
			path = fitness_networkTests;
			sourceTree = "<group>";
		};
		107B26E82D4477AF00AAC4AB /* fitness_networkUITests */ = {
			isa = PBXGroup;
			children = (
				107B26E92D4477AF00AAC4AB /* fitness_networkUITests.swift */,
				107B26EB2D4477AF00AAC4AB /* fitness_networkUITestsLaunchTests.swift */,
			);
			path = fitness_networkUITests;
			sourceTree = "<group>";
		};
/* End PBXGroup section */

/* Begin PBXNativeTarget section */
		107B26C92D4477AE00AAC4AB /* fitness_network */ = {
			isa = PBXNativeTarget;
			buildConfigurationList = 107B26EF2D4477AF00AAC4AB /* Build configuration list for PBXNativeTarget "fitness_network" */;
			buildPhases = (
				107B26C62D4477AE00AAC4AB /* Sources */,
				107B26C72D4477AE00AAC4AB /* Frameworks */,
				107B26C82D4477AE00AAC4AB /* Resources */,
			);
			buildRules = (
			);
			dependencies = (
			);
			name = fitness_network;
			productName = fitness_network;
			productReference = 107B26CA2D4477AE00AAC4AB /* fitness_network.app */;
			productType = "com.apple.product-type.application";
		};
		107B26DA2D4477AF00AAC4AB /* fitness_networkTests */ = {
			isa = PBXNativeTarget;
			buildConfigurationList = 107B26F22D4477AF00AAC4AB /* Build configuration list for PBXNativeTarget "fitness_networkTests" */;
			buildPhases = (
				107B26D72D4477AF00AAC4AB /* Sources */,
				107B26D82D4477AF00AAC4AB /* Frameworks */,
				107B26D92D4477AF00AAC4AB /* Resources */,
			);
			buildRules = (
			);
			dependencies = (
				107B26DD2D4477AF00AAC4AB /* PBXTargetDependency */,
			);
			name = fitness_networkTests;
			productName = fitness_networkTests;
			productReference = 107B26DB2D4477AF00AAC4AB /* fitness_networkTests.xctest */;
			productType = "com.apple.product-type.bundle.unit-test";
		};
		107B26E42D4477AF00AAC4AB /* fitness_networkUITests */ = {
			isa = PBXNativeTarget;
			buildConfigurationList = 107B26F52D4477AF00AAC4AB /* Build configuration list for PBXNativeTarget "fitness_networkUITests" */;
			buildPhases = (
				107B26E12D4477AF00AAC4AB /* Sources */,
				107B26E22D4477AF00AAC4AB /* Frameworks */,
				107B26E32D4477AF00AAC4AB /* Resources */,
			);
			buildRules = (
			);
			dependencies = (
				107B26E72D4477AF00AAC4AB /* PBXTargetDependency */,
			);
			name = fitness_networkUITests;
			productName = fitness_networkUITests;
			productReference = 107B26E52D4477AF00AAC4AB /* fitness_networkUITests.xctest */;
			productType = "com.apple.product-type.bundle.ui-testing";
		};
/* End PBXNativeTarget section */

/* Begin PBXProject section */
		107B26C22D4477AE00AAC4AB /* Project object */ = {
			isa = PBXProject;
			attributes = {
				BuildIndependentTargetsInParallel = 1;
				LastSwiftUpdateCheck = 1430;
				LastUpgradeCheck = 1430;
				TargetAttributes = {
					107B26C92D4477AE00AAC4AB = {
						CreatedOnToolsVersion = 14.3.1;
					};
					107B26DA2D4477AF00AAC4AB = {
						CreatedOnToolsVersion = 14.3.1;
						TestTargetID = 107B26C92D4477AE00AAC4AB;
					};
					107B26E42D4477AF00AAC4AB = {
						CreatedOnToolsVersion = 14.3.1;
						TestTargetID = 107B26C92D4477AE00AAC4AB;
					};
				};
			};
			buildConfigurationList = 107B26C52D4477AE00AAC4AB /* Build configuration list for PBXProject "fitness_network" */;
			compatibilityVersion = "Xcode 14.0";
			developmentRegion = en;
			hasScannedForEncodings = 0;
			knownRegions = (
				en,
				Base,
			);
			mainGroup = 107B26C12D4477AE00AAC4AB;
			productRefGroup = 107B26CB2D4477AE00AAC4AB /* Products */;
			projectDirPath = "";
			projectRoot = "";
			targets = (
				107B26C92D4477AE00AAC4AB /* fitness_network */,
				107B26DA2D4477AF00AAC4AB /* fitness_networkTests */,
				107B26E42D4477AF00AAC4AB /* fitness_networkUITests */,
			);
		};
/* End PBXProject section */

/* Begin PBXResourcesBuildPhase section */
		107B26C82D4477AE00AAC4AB /* Resources */ = {
			isa = PBXResourcesBuildPhase;
			buildActionMask = 2147483647;
			files = (
				107B26D62D4477AF00AAC4AB /* Preview Assets.xcassets in Resources */,
				107B26D22D4477AF00AAC4AB /* Assets.xcassets in Resources */,
			);
			runOnlyForDeploymentPostprocessing = 0;
		};
		107B26D92D4477AF00AAC4AB /* Resources */ = {
			isa = PBXResourcesBuildPhase;
			buildActionMask = 2147483647;
			files = (
			);
			runOnlyForDeploymentPostprocessing = 0;
		};
		107B26E32D4477AF00AAC4AB /* Resources */ = {
			isa = PBXResourcesBuildPhase;
			buildActionMask = 2147483647;
			files = (
			);
			runOnlyForDeploymentPostprocessing = 0;
		};
/* End PBXResourcesBuildPhase section */

/* Begin PBXSourcesBuildPhase section */
		107B26C62D4477AE00AAC4AB /* Sources */ = {
			isa = PBXSourcesBuildPhase;
			buildActionMask = 2147483647;
			files = (
				107B26D02D4477AE00AAC4AB /* ContentView.swift in Sources */,
				107B26CE2D4477AE00AAC4AB /* fitness_networkApp.swift in Sources */,
			);
			runOnlyForDeploymentPostprocessing = 0;
		};
		107B26D72D4477AF00AAC4AB /* Sources */ = {
			isa = PBXSourcesBuildPhase;
			buildActionMask = 2147483647;
			files = (
				107B26E02D4477AF00AAC4AB /* fitness_networkTests.swift in Sources */,
			);
			runOnlyForDeploymentPostprocessing = 0;
		};
		107B26E12D4477AF00AAC4AB /* Sources */ = {
			isa = PBXSourcesBuildPhase;
			buildActionMask = 2147483647;
			files = (
				107B26EC2D4477AF00AAC4AB /* fitness_networkUITestsLaunchTests.swift in Sources */,
				107B26EA2D4477AF00AAC4AB /* fitness_networkUITests.swift in Sources */,
			);
			runOnlyForDeploymentPostprocessing = 0;
		};
/* End PBXSourcesBuildPhase section */

/* Begin PBXTargetDependency section */
		107B26DD2D4477AF00AAC4AB /* PBXTargetDependency */ = {
			isa = PBXTargetDependency;
			target = 107B26C92D4477AE00AAC4AB /* fitness_network */;
			targetProxy = 107B26DC2D4477AF00AAC4AB /* PBXContainerItemProxy */;
		};
		107B26E72D4477AF00AAC4AB /* PBXTargetDependency */ = {
			isa = PBXTargetDependency;
			target = 107B26C92D4477AE00AAC4AB /* fitness_network */;
			targetProxy = 107B26E62D4477AF00AAC4AB /* PBXContainerItemProxy */;
		};
/* End PBXTargetDependency section */

/* Begin XCBuildConfiguration section */
		107B26ED2D4477AF00AAC4AB /* Debug */ = {
			isa = XCBuildConfiguration;
			buildSettings = {
				ALWAYS_SEARCH_USER_PATHS = NO;
				CLANG_ANALYZER_NONNULL = YES;
				CLANG_ANALYZER_NUMBER_OBJECT_CONVERSION = YES_AGGRESSIVE;
				CLANG_CXX_LANGUAGE_STANDARD = "gnu++20";
				CLANG_ENABLE_MODULES = YES;
				CLANG_ENABLE_OBJC_ARC = YES;
				CLANG_ENABLE_OBJC_WEAK = YES;
				CLANG_WARN_BLOCK_CAPTURE_AUTORELEASING = YES;
				CLANG_WARN_BOOL_CONVERSION = YES;
				CLANG_WARN_COMMA = YES;
				CLANG_WARN_CONSTANT_CONVERSION = YES;
				CLANG_WARN_DEPRECATED_OBJC_IMPLEMENTATIONS = YES;
				CLANG_WARN_DIRECT_OBJC_ISA_USAGE = YES_ERROR;
				CLANG_WARN_DOCUMENTATION_COMMENTS = YES;
				CLANG_WARN_EMPTY_BODY = YES;
				CLANG_WARN_ENUM_CONVERSION = YES;
				CLANG_WARN_INFINITE_RECURSION = YES;
				CLANG_WARN_INT_CONVERSION = YES;
				CLANG_WARN_NON_LITERAL_NULL_CONVERSION = YES;
				CLANG_WARN_OBJC_IMPLICIT_RETAIN_SELF = YES;
				CLANG_WARN_OBJC_LITERAL_CONVERSION = YES;
				CLANG_WARN_OBJC_ROOT_CLASS = YES_ERROR;
				CLANG_WARN_QUOTED_INCLUDE_IN_FRAMEWORK_HEADER = YES;
				CLANG_WARN_RANGE_LOOP_ANALYSIS = YES;
				CLANG_WARN_STRICT_PROTOTYPES = YES;
				CLANG_WARN_SUSPICIOUS_MOVE = YES;
				CLANG_WARN_UNGUARDED_AVAILABILITY = YES_AGGRESSIVE;
				CLANG_WARN_UNREACHABLE_CODE = YES;
				CLANG_WARN__DUPLICATE_METHOD_MATCH = YES;
				COPY_PHASE_STRIP = NO;
				DEBUG_INFORMATION_FORMAT = dwarf;
				ENABLE_STRICT_OBJC_MSGSEND = YES;
				ENABLE_TESTABILITY = YES;
				GCC_C_LANGUAGE_STANDARD = gnu11;
				GCC_DYNAMIC_NO_PIC = NO;
				GCC_NO_COMMON_BLOCKS = YES;
				GCC_OPTIMIZATION_LEVEL = 0;
				GCC_PREPROCESSOR_DEFINITIONS = (
					"DEBUG=1",
					"$(inherited)",
				);
				GCC_WARN_64_TO_32_BIT_CONVERSION = YES;
				GCC_WARN_ABOUT_RETURN_TYPE = YES_ERROR;
				GCC_WARN_UNDECLARED_SELECTOR = YES;
				GCC_WARN_UNINITIALIZED_AUTOS = YES_AGGRESSIVE;
				GCC_WARN_UNUSED_FUNCTION = YES;
				GCC_WARN_UNUSED_VARIABLE = YES;
				MTL_ENABLE_DEBUG_INFO = INCLUDE_SOURCE;
				MTL_FAST_MATH = YES;
				ONLY_ACTIVE_ARCH = YES;
				SWIFT_ACTIVE_COMPILATION_CONDITIONS = DEBUG;
				SWIFT_OPTIMIZATION_LEVEL = "-Onone";
			};
			name = Debug;
		};
		107B26EE2D4477AF00AAC4AB /* Release */ = {
			isa = XCBuildConfiguration;
			buildSettings = {
				ALWAYS_SEARCH_USER_PATHS = NO;
				CLANG_ANALYZER_NONNULL = YES;
				CLANG_ANALYZER_NUMBER_OBJECT_CONVERSION = YES_AGGRESSIVE;
				CLANG_CXX_LANGUAGE_STANDARD = "gnu++20";
				CLANG_ENABLE_MODULES = YES;
				CLANG_ENABLE_OBJC_ARC = YES;
				CLANG_ENABLE_OBJC_WEAK = YES;
				CLANG_WARN_BLOCK_CAPTURE_AUTORELEASING = YES;
				CLANG_WARN_BOOL_CONVERSION = YES;
				CLANG_WARN_COMMA = YES;
				CLANG_WARN_CONSTANT_CONVERSION = YES;
				CLANG_WARN_DEPRECATED_OBJC_IMPLEMENTATIONS = YES;
				CLANG_WARN_DIRECT_OBJC_ISA_USAGE = YES_ERROR;
				CLANG_WARN_DOCUMENTATION_COMMENTS = YES;
				CLANG_WARN_EMPTY_BODY = YES;
				CLANG_WARN_ENUM_CONVERSION = YES;
				CLANG_WARN_INFINITE_RECURSION = YES;
				CLANG_WARN_INT_CONVERSION = YES;
				CLANG_WARN_NON_LITERAL_NULL_CONVERSION = YES;
				CLANG_WARN_OBJC_IMPLICIT_RETAIN_SELF = YES;
				CLANG_WARN_OBJC_LITERAL_CONVERSION = YES;
				CLANG_WARN_OBJC_ROOT_CLASS = YES_ERROR;
				CLANG_WARN_QUOTED_INCLUDE_IN_FRAMEWORK_HEADER = YES;
				CLANG_WARN_RANGE_LOOP_ANALYSIS = YES;
				CLANG_WARN_STRICT_PROTOTYPES = YES;
				CLANG_WARN_SUSPICIOUS_MOVE = YES;
				CLANG_WARN_UNGUARDED_AVAILABILITY = YES_AGGRESSIVE;
				CLANG_WARN_UNREACHABLE_CODE = YES;
				CLANG_WARN__DUPLICATE_METHOD_MATCH = YES;
				COPY_PHASE_STRIP = NO;
				DEBUG_INFORMATION_FORMAT = "dwarf-with-dsym";
				ENABLE_NS_ASSERTIONS = NO;
				ENABLE_STRICT_OBJC_MSGSEND = YES;
				GCC_C_LANGUAGE_STANDARD = gnu11;
				GCC_NO_COMMON_BLOCKS = YES;
				GCC_WARN_64_TO_32_BIT_CONVERSION = YES;
				GCC_WARN_ABOUT_RETURN_TYPE = YES_ERROR;
				GCC_WARN_UNDECLARED_SELECTOR = YES;
				GCC_WARN_UNINITIALIZED_AUTOS = YES_AGGRESSIVE;
				GCC_WARN_UNUSED_FUNCTION = YES;
				GCC_WARN_UNUSED_VARIABLE = YES;
				MTL_ENABLE_DEBUG_INFO = NO;
				MTL_FAST_MATH = YES;
				SWIFT_COMPILATION_MODE = wholemodule;
				SWIFT_OPTIMIZATION_LEVEL = "-O";
			};
			name = Release;
		};
		107B26F02D4477AF00AAC4AB /* Debug */ = {
			isa = XCBuildConfiguration;
			buildSettings = {
				ASSETCATALOG_COMPILER_APPICON_NAME = AppIcon;
				ASSETCATALOG_COMPILER_GLOBAL_ACCENT_COLOR_NAME = AccentColor;
				CODE_SIGN_ENTITLEMENTS = fitness_network/fitness_network.entitlements;
				CODE_SIGN_STYLE = Automatic;
				CURRENT_PROJECT_VERSION = 1;
				DEVELOPMENT_ASSET_PATHS = "\"fitness_network/Preview Content\"";
				DEVELOPMENT_TEAM = 64CXA8G8AH;
				ENABLE_HARDENED_RUNTIME = YES;
				ENABLE_PREVIEWS = YES;
				GENERATE_INFOPLIST_FILE = YES;
				"INFOPLIST_KEY_UIApplicationSceneManifest_Generation[sdk=iphoneos*]" = YES;
				"INFOPLIST_KEY_UIApplicationSceneManifest_Generation[sdk=iphonesimulator*]" = YES;
				"INFOPLIST_KEY_UIApplicationSupportsIndirectInputEvents[sdk=iphoneos*]" = YES;
				"INFOPLIST_KEY_UIApplicationSupportsIndirectInputEvents[sdk=iphonesimulator*]" = YES;
				"INFOPLIST_KEY_UILaunchScreen_Generation[sdk=iphoneos*]" = YES;
				"INFOPLIST_KEY_UILaunchScreen_Generation[sdk=iphonesimulator*]" = YES;
				"INFOPLIST_KEY_UIStatusBarStyle[sdk=iphoneos*]" = UIStatusBarStyleDefault;
				"INFOPLIST_KEY_UIStatusBarStyle[sdk=iphonesimulator*]" = UIStatusBarStyleDefault;
				INFOPLIST_KEY_UISupportedInterfaceOrientations_iPad = "UIInterfaceOrientationPortrait UIInterfaceOrientationPortraitUpsideDown UIInterfaceOrientationLandscapeLeft UIInterfaceOrientationLandscapeRight";
				INFOPLIST_KEY_UISupportedInterfaceOrientations_iPhone = "UIInterfaceOrientationPortrait UIInterfaceOrientationLandscapeLeft UIInterfaceOrientationLandscapeRight";
				IPHONEOS_DEPLOYMENT_TARGET = 16.4;
				LD_RUNPATH_SEARCH_PATHS = "@executable_path/Frameworks";
				"LD_RUNPATH_SEARCH_PATHS[sdk=macosx*]" = "@executable_path/../Frameworks";
				MACOSX_DEPLOYMENT_TARGET = 13.0;
				MARKETING_VERSION = 1.0;
				PRODUCT_BUNDLE_IDENTIFIER = "iphone.fitness-network";
				PRODUCT_NAME = "$(TARGET_NAME)";
				SDKROOT = auto;
				SUPPORTED_PLATFORMS = "iphoneos iphonesimulator macosx";
				SWIFT_EMIT_LOC_STRINGS = YES;
				SWIFT_VERSION = 5.0;
				TARGETED_DEVICE_FAMILY = "1,2";
			};
			name = Debug;
		};
		107B26F12D4477AF00AAC4AB /* Release */ = {
			isa = XCBuildConfiguration;
			buildSettings = {
				ASSETCATALOG_COMPILER_APPICON_NAME = AppIcon;
				ASSETCATALOG_COMPILER_GLOBAL_ACCENT_COLOR_NAME = AccentColor;
				CODE_SIGN_ENTITLEMENTS = fitness_network/fitness_network.entitlements;
				CODE_SIGN_STYLE = Automatic;
				CURRENT_PROJECT_VERSION = 1;
				DEVELOPMENT_ASSET_PATHS = "\"fitness_network/Preview Content\"";
				DEVELOPMENT_TEAM = 64CXA8G8AH;
				ENABLE_HARDENED_RUNTIME = YES;
				ENABLE_PREVIEWS = YES;
				GENERATE_INFOPLIST_FILE = YES;
				"INFOPLIST_KEY_UIApplicationSceneManifest_Generation[sdk=iphoneos*]" = YES;
				"INFOPLIST_KEY_UIApplicationSceneManifest_Generation[sdk=iphonesimulator*]" = YES;
				"INFOPLIST_KEY_UIApplicationSupportsIndirectInputEvents[sdk=iphoneos*]" = YES;
				"INFOPLIST_KEY_UIApplicationSupportsIndirectInputEvents[sdk=iphonesimulator*]" = YES;
				"INFOPLIST_KEY_UILaunchScreen_Generation[sdk=iphoneos*]" = YES;
				"INFOPLIST_KEY_UILaunchScreen_Generation[sdk=iphonesimulator*]" = YES;
				"INFOPLIST_KEY_UIStatusBarStyle[sdk=iphoneos*]" = UIStatusBarStyleDefault;
				"INFOPLIST_KEY_UIStatusBarStyle[sdk=iphonesimulator*]" = UIStatusBarStyleDefault;
				INFOPLIST_KEY_UISupportedInterfaceOrientations_iPad = "UIInterfaceOrientationPortrait UIInterfaceOrientationPortraitUpsideDown UIInterfaceOrientationLandscapeLeft UIInterfaceOrientationLandscapeRight";
				INFOPLIST_KEY_UISupportedInterfaceOrientations_iPhone = "UIInterfaceOrientationPortrait UIInterfaceOrientationLandscapeLeft UIInterfaceOrientationLandscapeRight";
				IPHONEOS_DEPLOYMENT_TARGET = 16.4;
				LD_RUNPATH_SEARCH_PATHS = "@executable_path/Frameworks";
				"LD_RUNPATH_SEARCH_PATHS[sdk=macosx*]" = "@executable_path/../Frameworks";
				MACOSX_DEPLOYMENT_TARGET = 13.0;
				MARKETING_VERSION = 1.0;
				PRODUCT_BUNDLE_IDENTIFIER = "iphone.fitness-network";
				PRODUCT_NAME = "$(TARGET_NAME)";
				SDKROOT = auto;
				SUPPORTED_PLATFORMS = "iphoneos iphonesimulator macosx";
				SWIFT_EMIT_LOC_STRINGS = YES;
				SWIFT_VERSION = 5.0;
				TARGETED_DEVICE_FAMILY = "1,2";
			};
			name = Release;
		};
		107B26F32D4477AF00AAC4AB /* Debug */ = {
			isa = XCBuildConfiguration;
			buildSettings = {
				ALWAYS_EMBED_SWIFT_STANDARD_LIBRARIES = YES;
				BUNDLE_LOADER = "$(TEST_HOST)";
				CODE_SIGN_STYLE = Automatic;
				CURRENT_PROJECT_VERSION = 1;
				DEVELOPMENT_TEAM = 64CXA8G8AH;
				GENERATE_INFOPLIST_FILE = YES;
				IPHONEOS_DEPLOYMENT_TARGET = 16.4;
				MACOSX_DEPLOYMENT_TARGET = 13.0;
				MARKETING_VERSION = 1.0;
				PRODUCT_BUNDLE_IDENTIFIER = "iphone.fitness-networkTests";
				PRODUCT_NAME = "$(TARGET_NAME)";
				SDKROOT = auto;
				SUPPORTED_PLATFORMS = "iphoneos iphonesimulator macosx";
				SWIFT_EMIT_LOC_STRINGS = NO;
				SWIFT_VERSION = 5.0;
				TARGETED_DEVICE_FAMILY = "1,2";
				TEST_HOST = "$(BUILT_PRODUCTS_DIR)/fitness_network.app/$(BUNDLE_EXECUTABLE_FOLDER_PATH)/fitness_network";
			};
			name = Debug;
		};
		107B26F42D4477AF00AAC4AB /* Release */ = {
			isa = XCBuildConfiguration;
			buildSettings = {
				ALWAYS_EMBED_SWIFT_STANDARD_LIBRARIES = YES;
				BUNDLE_LOADER = "$(TEST_HOST)";
				CODE_SIGN_STYLE = Automatic;
				CURRENT_PROJECT_VERSION = 1;
				DEVELOPMENT_TEAM = 64CXA8G8AH;
				GENERATE_INFOPLIST_FILE = YES;
				IPHONEOS_DEPLOYMENT_TARGET = 16.4;
				MACOSX_DEPLOYMENT_TARGET = 13.0;
				MARKETING_VERSION = 1.0;
				PRODUCT_BUNDLE_IDENTIFIER = "iphone.fitness-networkTests";
				PRODUCT_NAME = "$(TARGET_NAME)";
				SDKROOT = auto;
				SUPPORTED_PLATFORMS = "iphoneos iphonesimulator macosx";
				SWIFT_EMIT_LOC_STRINGS = NO;
				SWIFT_VERSION = 5.0;
				TARGETED_DEVICE_FAMILY = "1,2";
				TEST_HOST = "$(BUILT_PRODUCTS_DIR)/fitness_network.app/$(BUNDLE_EXECUTABLE_FOLDER_PATH)/fitness_network";
			};
			name = Release;
		};
		107B26F62D4477AF00AAC4AB /* Debug */ = {
			isa = XCBuildConfiguration;
			buildSettings = {
				ALWAYS_EMBED_SWIFT_STANDARD_LIBRARIES = YES;
				CODE_SIGN_STYLE = Automatic;
				CURRENT_PROJECT_VERSION = 1;
				DEVELOPMENT_TEAM = 64CXA8G8AH;
				GENERATE_INFOPLIST_FILE = YES;
				IPHONEOS_DEPLOYMENT_TARGET = 16.4;
				MACOSX_DEPLOYMENT_TARGET = 13.0;
				MARKETING_VERSION = 1.0;
				PRODUCT_BUNDLE_IDENTIFIER = "iphone.fitness-networkUITests";
				PRODUCT_NAME = "$(TARGET_NAME)";
				SDKROOT = auto;
				SUPPORTED_PLATFORMS = "iphoneos iphonesimulator macosx";
				SWIFT_EMIT_LOC_STRINGS = NO;
				SWIFT_VERSION = 5.0;
				TARGETED_DEVICE_FAMILY = "1,2";
				TEST_TARGET_NAME = fitness_network;
			};
			name = Debug;
		};
		107B26F72D4477AF00AAC4AB /* Release */ = {
			isa = XCBuildConfiguration;
			buildSettings = {
				ALWAYS_EMBED_SWIFT_STANDARD_LIBRARIES = YES;
				CODE_SIGN_STYLE = Automatic;
				CURRENT_PROJECT_VERSION = 1;
				DEVELOPMENT_TEAM = 64CXA8G8AH;
				GENERATE_INFOPLIST_FILE = YES;
				IPHONEOS_DEPLOYMENT_TARGET = 16.4;
				MACOSX_DEPLOYMENT_TARGET = 13.0;
				MARKETING_VERSION = 1.0;
				PRODUCT_BUNDLE_IDENTIFIER = "iphone.fitness-networkUITests";
				PRODUCT_NAME = "$(TARGET_NAME)";
				SDKROOT = auto;
				SUPPORTED_PLATFORMS = "iphoneos iphonesimulator macosx";
				SWIFT_EMIT_LOC_STRINGS = NO;
				SWIFT_VERSION = 5.0;
				TARGETED_DEVICE_FAMILY = "1,2";
				TEST_TARGET_NAME = fitness_network;
			};
			name = Release;
		};
/* End XCBuildConfiguration section */

/* Begin XCConfigurationList section */
		107B26C52D4477AE00AAC4AB /* Build configuration list for PBXProject "fitness_network" */ = {
			isa = XCConfigurationList;
			buildConfigurations = (
				107B26ED2D4477AF00AAC4AB /* Debug */,
				107B26EE2D4477AF00AAC4AB /* Release */,
			);
			defaultConfigurationIsVisible = 0;
			defaultConfigurationName = Release;
		};
		107B26EF2D4477AF00AAC4AB /* Build configuration list for PBXNativeTarget "fitness_network" */ = {
			isa = XCConfigurationList;
			buildConfigurations = (
				107B26F02D4477AF00AAC4AB /* Debug */,
				107B26F12D4477AF00AAC4AB /* Release */,
			);
			defaultConfigurationIsVisible = 0;
			defaultConfigurationName = Release;
		};
		107B26F22D4477AF00AAC4AB /* Build configuration list for PBXNativeTarget "fitness_networkTests" */ = {
			isa = XCConfigurationList;
			buildConfigurations = (
				107B26F32D4477AF00AAC4AB /* Debug */,
				107B26F42D4477AF00AAC4AB /* Release */,
			);
			defaultConfigurationIsVisible = 0;
			defaultConfigurationName = Release;
		};
		107B26F52D4477AF00AAC4AB /* Build configuration list for PBXNativeTarget "fitness_networkUITests" */ = {
			isa = XCConfigurationList;
			buildConfigurations = (
				107B26F62D4477AF00AAC4AB /* Debug */,
				107B26F72D4477AF00AAC4AB /* Release */,
			);
			defaultConfigurationIsVisible = 0;
			defaultConfigurationName = Release;
		};
/* End XCConfigurationList section */
	};
	rootObject = 107B26C22D4477AE00AAC4AB /* Project object */;
}
